<?xml version="1.0" encoding="UTF-8" standalone="no"?><Scheme LastUpgradeVersion="9999" version="1.7"><BuildAction buildImplicitDependencies="YES" parallelizeBuildables="YES"><BuildActionEntries><BuildActionEntry buildForAnalyzing="YES" buildForArchiving="YES" buildForProfiling="YES" buildForRunning="YES" buildForTesting="YES"><BuildableReference BlueprintIdentifier="E66DC04E05E918D200000000" BlueprintName="hello" BuildableIdentifier="primary" BuildableName="libhello.a" ReferencedContainer="container:../common/common.xcodeproj"/></BuildActionEntry><BuildActionEntry buildForAnalyzing="YES" buildForArchiving="YES" buildForProfiling="YES" buildForRunning="YES" buildForTesting="YES"><BuildableReference BlueprintIdentifier="E66DC04E04B2E95F00000000" BlueprintName="React" BuildableIdentifier="primary" BuildableName="libReact.a" ReferencedContainer="container:../react-native/react-native.xcodeproj"/></BuildActionEntry><BuildActionEntry buildForAnalyzing="YES" buildForArchiving="YES" buildForProfiling="YES" buildForRunning="YES" buildForTesting="YES"><BuildableReference BlueprintIdentifier="E66DC04E89D024A300000000" BlueprintName="BuckDemoApp" BuildableIdentifier="primary" BuildableName="BuckDemoApp.app" ReferencedContainer="container:ios.xcodeproj"/></BuildActionEntry><BuildActionEntry buildForAnalyzing="YES" buildForArchiving="NO" buildForProfiling="NO" buildForRunning="NO" buildForTesting="YES"><BuildableReference BlueprintIdentifier="E66DC04E263ED3D500000000" BlueprintName="BuckDemoAppTest" BuildableIdentifier="primary" BuildableName="BuckDemoAppTest.xctest" ReferencedContainer="container:ios.xcodeproj"/></BuildActionEntry></BuildActionEntries></BuildAction><TestAction buildConfiguration="Debug" shouldUseLaunchSchemeArgsEnv="YES"><Testables><TestableReference skipped="NO"><BuildableReference BlueprintIdentifier="E66DC04E263ED3D500000000" BlueprintName="BuckDemoAppTest" BuildableIdentifier="primary" BuildableName="BuckDemoAppTest.xctest" ReferencedContainer="container:ios.xcodeproj"/></TestableReference></Testables></TestAction><LaunchAction buildConfiguration="Debug" launchStyle="0"><BuildableProductRunnable><BuildableReference BlueprintIdentifier="E66DC04E89D024A300000000" BlueprintName="BuckDemoApp" BuildableIdentifier="primary" BuildableName="BuckDemoApp.app" ReferencedContainer="container:ios.xcodeproj"/></BuildableProductRunnable></LaunchAction><ProfileAction buildConfiguration="Release" shouldUseLaunchSchemeArgsEnv="YES"><BuildableProductRunnable><BuildableReference BlueprintIdentifier="E66DC04E89D024A300000000" BlueprintName="BuckDemoApp" BuildableIdentifier="primary" BuildableName="BuckDemoApp.app" ReferencedContainer="container:ios.xcodeproj"/></BuildableProductRunnable></ProfileAction><AnalyzeAction buildConfiguration="Debug"/><ArchiveAction buildConfiguration="Release" revealArchiveInOrganizer="YES"/></Scheme>